
Microsoft Visual Studio Solution File, Format Version 12.00
# Visual Studio Version 17
VisualStudioVersion = 17.1.32421.90
MinimumVisualStudioVersion = 10.0.40219.1
Project("{FAE04EC0-301F-11D3-BF4B-00C04F79EFBC}") = "BookService", "BookService\BookService.csproj", "{538160B3-0955-4205-9D32-53CE125B201E}"
EndProject
Global
	GlobalSection(SolutionConfigurationPlatforms) = preSolution
		Debug|Any CPU = Debug|Any CPU
		Release|Any CPU = Release|Any CPU
	EndGlobalSection
	GlobalSection(ProjectConfigurationPlatforms) = postSolution
		{538160B3-0955-4205-9D32-53CE125B201E}.Debug|Any CPU.ActiveCfg = Debug|Any CPU
		{538160B3-0955-4205-9D32-53CE125B201E}.Debug|Any CPU.Build.0 = Debug|Any CPU
		{538160B3-0955-4205-9D32-53CE125B201E}.Release|Any CPU.ActiveCfg = Release|Any CPU
		{538160B3-0955-4205-9D32-53CE125B201E}.Release|Any CPU.Build.0 = Release|Any CPU
	EndGlobalSection
	GlobalSection(SolutionProperties) = preSolution
		HideSolutionNode = FALSE
	EndGlobalSection
	GlobalSection(ExtensibilityGlobals) = postSolution
		SolutionGuid = {E7071DAB-869F-41B7-A08C-0C5AA0CB03A6}
	EndGlobalSection
EndGlobal
